
Microsoft Visual Studio Solution File, Format Version 12.00
# Visual Studio Version 17
VisualStudioVersion = 17.14.36603.0 d17.14
MinimumVisualStudioVersion = 10.0.40219.1
Project("{FAE04EC0-301F-11D3-BF4B-00C04F79EFBC}") = "QuanLyNhaHangDemo", "QuanLyNhaHangDemo\QuanLyNhaHangDemo.csproj", "{B57DC246-568D-4EE4-94EB-87D73FA1CE47}"
EndProject
Global
	GlobalSection(SolutionConfigurationPlatforms) = preSolution
		Debug|Any CPU = Debug|Any CPU
		Release|Any CPU = Release|Any CPU
	EndGlobalSection
	GlobalSection(ProjectConfigurationPlatforms) = postSolution
		{B57DC246-568D-4EE4-94EB-87D73FA1CE47}.Debug|Any CPU.ActiveCfg = Debug|Any CPU
		{B57DC246-568D-4EE4-94EB-87D73FA1CE47}.Debug|Any CPU.Build.0 = Debug|Any CPU
		{B57DC246-568D-4EE4-94EB-87D73FA1CE47}.Release|Any CPU.ActiveCfg = Release|Any CPU
		{B57DC246-568D-4EE4-94EB-87D73FA1CE47}.Release|Any CPU.Build.0 = Release|Any CPU
	EndGlobalSection
	GlobalSection(SolutionProperties) = preSolution
		HideSolutionNode = FALSE
	EndGlobalSection
	GlobalSection(ExtensibilityGlobals) = postSolution
		SolutionGuid = {F2335D1A-5F4D-4BBB-A7BF-14809E6E870B}
	EndGlobalSection
EndGlobal
